
Microsoft Visual Studio Solution File, Format Version 12.00
# Visual Studio Version 17
VisualStudioVersion = 17.5.002.0
MinimumVisualStudioVersion = 10.0.40219.1
Project("{2150E333-8FDC-42A3-9474-1A3956D46DE8}") = "csharp-prep", "csharp-prep", "{B9E3405E-CEAB-459E-8CC4-E194C376A56E}"
EndProject
Project("{9A19103F-16F7-4668-BE54-9A1E7A4F7556}") = "Prep1", "csharp-prep\Prep1\Prep1.csproj", "{5229D889-99F3-40AB-BE12-01B981A25253}"
EndProject
Project("{9A19103F-16F7-4668-BE54-9A1E7A4F7556}") = "Prep2", "csharp-prep\Prep2\Prep2.csproj", "{369FFEC8-1F16-4CBE-9BCC-043D410D76C9}"
EndProject
Project("{9A19103F-16F7-4668-BE54-9A1E7A4F7556}") = "Prep3", "csharp-prep\Prep3\Prep3.csproj", "{902DE623-AF01-439E-9A6C-87A09EE8F7F8}"
EndProject
Project("{9A19103F-16F7-4668-BE54-9A1E7A4F7556}") = "Prep4", "csharp-prep\Prep4\Prep4.csproj", "{71A5FF19-AE65-4A65-B7C8-84F6B1CA3DF2}"
EndProject
Project("{9A19103F-16F7-4668-BE54-9A1E7A4F7556}") = "Prep5", "csharp-prep\Prep5\Prep5.csproj", "{526F30D7-97A6-4B9E-97FA-D48B895D9053}"
EndProject
Project("{2150E333-8FDC-42A3-9474-1A3956D46DE8}") = "final", "final", "{FCFB0D10-E853-49AE-B145-50CF684F2483}"
EndProject
Project("{9A19103F-16F7-4668-BE54-9A1E7A4F7556}") = "FinalProject", "final\FinalProject\FinalProject.csproj", "{849A5AF8-2650-438A-A7A7-3420AB1D2FA9}"
EndProject
Project("{9A19103F-16F7-4668-BE54-9A1E7A4F7556}") = "Foundation1", "final\Foundation1\Foundation1.csproj", "{89784067-1C7C-44C3-BE12-4825853A5838}"
EndProject
Project("{9A19103F-16F7-4668-BE54-9A1E7A4F7556}") = "Foundation2", "final\Foundation2\Foundation2.csproj", "{A43D5171-F256-4235-9A38-EF83D36D928A}"
EndProject
Project("{9A19103F-16F7-4668-BE54-9A1E7A4F7556}") = "Foundation3", "final\Foundation3\Foundation3.csproj", "{71984917-398F-4489-B217-A2D2066F8C29}"
EndProject
Project("{9A19103F-16F7-4668-BE54-9A1E7A4F7556}") = "Foundation4", "final\Foundation4\Foundation4.csproj", "{2B46C8CA-4956-4B54-8D08-4B55AF91F6FC}"
EndProject
Project("{2150E333-8FDC-42A3-9474-1A3956D46DE8}") = "prepare", "prepare", "{F6F9BB24-77CF-4209-913F-D426D02CFC01}"
EndProject
Project("{9A19103F-16F7-4668-BE54-9A1E7A4F7556}") = "Learning02", "prepare\Learning02\Learning02.csproj", "{D7884135-8F4A-4A80-B6FE-3898ADFFBBAF}"
EndProject
Project("{9A19103F-16F7-4668-BE54-9A1E7A4F7556}") = "Learning03", "prepare\Learning03\Learning03.csproj", "{FC89F883-E06E-4B85-886D-EDBA35AA648D}"
EndProject
Project("{9A19103F-16F7-4668-BE54-9A1E7A4F7556}") = "Learning04", "prepare\Learning04\Learning04.csproj", "{8D4564B7-3C62-4309-99AE-62C83EA42941}"
EndProject
Project("{9A19103F-16F7-4668-BE54-9A1E7A4F7556}") = "Learning05", "prepare\Learning05\Learning05.csproj", "{31889559-700F-46C8-BC8E-59AE62F4610C}"
EndProject
Project("{2150E333-8FDC-42A3-9474-1A3956D46DE8}") = "prove", "prove", "{3CFEDEA1-2310-40A7-9BD2-72B79F073A50}"
EndProject
Project("{9A19103F-16F7-4668-BE54-9A1E7A4F7556}") = "Develop02", "prove\Develop02\Develop02.csproj", "{EDF883DD-B458-4144-89F7-55A081FED504}"
EndProject
Project("{9A19103F-16F7-4668-BE54-9A1E7A4F7556}") = "Develop03", "prove\Develop03\Develop03.csproj", "{7F8787B1-9254-4358-A1E0-2BE910EC8059}"
EndProject
Project("{9A19103F-16F7-4668-BE54-9A1E7A4F7556}") = "Develop04", "prove\Develop04\Develop04.csproj", "{4765EB2B-4011-4A3E-81F6-216A418397A1}"
EndProject
Project("{9A19103F-16F7-4668-BE54-9A1E7A4F7556}") = "Develop05", "prove\Develop05\Develop05.csproj", "{801343BC-BBB1-479E-807C-BB0A07B12FDE}"
EndProject
Project("{2150E333-8FDC-42A3-9474-1A3956D46DE8}") = "sandbox", "sandbox", "{F6486A97-6C4D-4D76-950F-CCBF2B767031}"
EndProject
Project("{9A19103F-16F7-4668-BE54-9A1E7A4F7556}") = "Sandbox", "sandbox\Sandbox\Sandbox.csproj", "{CB15136C-B0C3-4436-90C8-C383C2381D45}"
EndProject
Global
	GlobalSection(SolutionConfigurationPlatforms) = preSolution
		Debug|Any CPU = Debug|Any CPU
		Release|Any CPU = Release|Any CPU
	EndGlobalSection
	GlobalSection(ProjectConfigurationPlatforms) = postSolution
		{5229D889-99F3-40AB-BE12-01B981A25253}.Debug|Any CPU.ActiveCfg = Debug|Any CPU
		{5229D889-99F3-40AB-BE12-01B981A25253}.Debug|Any CPU.Build.0 = Debug|Any CPU
		{5229D889-99F3-40AB-BE12-01B981A25253}.Release|Any CPU.ActiveCfg = Release|Any CPU
		{5229D889-99F3-40AB-BE12-01B981A25253}.Release|Any CPU.Build.0 = Release|Any CPU
		{369FFEC8-1F16-4CBE-9BCC-043D410D76C9}.Debug|Any CPU.ActiveCfg = Debug|Any CPU
		{369FFEC8-1F16-4CBE-9BCC-043D410D76C9}.Debug|Any CPU.Build.0 = Debug|Any CPU
		{369FFEC8-1F16-4CBE-9BCC-043D410D76C9}.Release|Any CPU.ActiveCfg = Release|Any CPU
		{369FFEC8-1F16-4CBE-9BCC-043D410D76C9}.Release|Any CPU.Build.0 = Release|Any CPU
		{902DE623-AF01-439E-9A6C-87A09EE8F7F8}.Debug|Any CPU.ActiveCfg = Debug|Any CPU
		{902DE623-AF01-439E-9A6C-87A09EE8F7F8}.Debug|Any CPU.Build.0 = Debug|Any CPU
		{902DE623-AF01-439E-9A6C-87A09EE8F7F8}.Release|Any CPU.ActiveCfg = Release|Any CPU
		{902DE623-AF01-439E-9A6C-87A09EE8F7F8}.Release|Any CPU.Build.0 = Release|Any CPU
		{71A5FF19-AE65-4A65-B7C8-84F6B1CA3DF2}.Debug|Any CPU.ActiveCfg = Debug|Any CPU
		{71A5FF19-AE65-4A65-B7C8-84F6B1CA3DF2}.Debug|Any CPU.Build.0 = Debug|Any CPU
		{71A5FF19-AE65-4A65-B7C8-84F6B1CA3DF2}.Release|Any CPU.ActiveCfg = Release|Any CPU
		{71A5FF19-AE65-4A65-B7C8-84F6B1CA3DF2}.Release|Any CPU.Build.0 = Release|Any CPU
		{526F30D7-97A6-4B9E-97FA-D48B895D9053}.Debug|Any CPU.ActiveCfg = Debug|Any CPU
		{526F30D7-97A6-4B9E-97FA-D48B895D9053}.Debug|Any CPU.Build.0 = Debug|Any CPU
		{526F30D7-97A6-4B9E-97FA-D48B895D9053}.Release|Any CPU.ActiveCfg = Release|Any CPU
		{526F30D7-97A6-4B9E-97FA-D48B895D9053}.Release|Any CPU.Build.0 = Release|Any CPU
		{849A5AF8-2650-438A-A7A7-3420AB1D2FA9}.Debug|Any CPU.ActiveCfg = Debug|Any CPU
		{849A5AF8-2650-438A-A7A7-3420AB1D2FA9}.Debug|Any CPU.Build.0 = Debug|Any CPU
		{849A5AF8-2650-438A-A7A7-3420AB1D2FA9}.Release|Any CPU.ActiveCfg = Release|Any CPU
		{849A5AF8-2650-438A-A7A7-3420AB1D2FA9}.Release|Any CPU.Build.0 = Release|Any CPU
		{89784067-1C7C-44C3-BE12-4825853A5838}.Debug|Any CPU.ActiveCfg = Debug|Any CPU
		{89784067-1C7C-44C3-BE12-4825853A5838}.Debug|Any CPU.Build.0 = Debug|Any CPU
		{89784067-1C7C-44C3-BE12-4825853A5838}.Release|Any CPU.ActiveCfg = Release|Any CPU
		{89784067-1C7C-44C3-BE12-4825853A5838}.Release|Any CPU.Build.0 = Release|Any CPU
		{A43D5171-F256-4235-9A38-EF83D36D928A}.Debug|Any CPU.ActiveCfg = Debug|Any CPU
		{A43D5171-F256-4235-9A38-EF83D36D928A}.Debug|Any CPU.Build.0 = Debug|Any CPU
		{A43D5171-F256-4235-9A38-EF83D36D928A}.Release|Any CPU.ActiveCfg = Release|Any CPU
		{A43D5171-F256-4235-9A38-EF83D36D928A}.Release|Any CPU.Build.0 = Release|Any CPU
		{71984917-398F-4489-B217-A2D2066F8C29}.Debug|Any CPU.ActiveCfg = Debug|Any CPU
		{71984917-398F-4489-B217-A2D2066F8C29}.Debug|Any CPU.Build.0 = Debug|Any CPU
		{71984917-398F-4489-B217-A2D2066F8C29}.Release|Any CPU.ActiveCfg = Release|Any CPU
		{71984917-398F-4489-B217-A2D2066F8C29}.Release|Any CPU.Build.0 = Release|Any CPU
		{2B46C8CA-4956-4B54-8D08-4B55AF91F6FC}.Debug|Any CPU.ActiveCfg = Debug|Any CPU
		{2B46C8CA-4956-4B54-8D08-4B55AF91F6FC}.Debug|Any CPU.Build.0 = Debug|Any CPU
		{2B46C8CA-4956-4B54-8D08-4B55AF91F6FC}.Release|Any CPU.ActiveCfg = Release|Any CPU
		{2B46C8CA-4956-4B54-8D08-4B55AF91F6FC}.Release|Any CPU.Build.0 = Release|Any CPU
		{D7884135-8F4A-4A80-B6FE-3898ADFFBBAF}.Debug|Any CPU.ActiveCfg = Debug|Any CPU
		{D7884135-8F4A-4A80-B6FE-3898ADFFBBAF}.Debug|Any CPU.Build.0 = Debug|Any CPU
		{D7884135-8F4A-4A80-B6FE-3898ADFFBBAF}.Release|Any CPU.ActiveCfg = Release|Any CPU
		{D7884135-8F4A-4A80-B6FE-3898ADFFBBAF}.Release|Any CPU.Build.0 = Release|Any CPU
		{FC89F883-E06E-4B85-886D-EDBA35AA648D}.Debug|Any CPU.ActiveCfg = Debug|Any CPU
		{FC89F883-E06E-4B85-886D-EDBA35AA648D}.Debug|Any CPU.Build.0 = Debug|Any CPU
		{FC89F883-E06E-4B85-886D-EDBA35AA648D}.Release|Any CPU.ActiveCfg = Release|Any CPU
		{FC89F883-E06E-4B85-886D-EDBA35AA648D}.Release|Any CPU.Build.0 = Release|Any CPU
		{8D4564B7-3C62-4309-99AE-62C83EA42941}.Debug|Any CPU.ActiveCfg = Debug|Any CPU
		{8D4564B7-3C62-4309-99AE-62C83EA42941}.Debug|Any CPU.Build.0 = Debug|Any CPU
		{8D4564B7-3C62-4309-99AE-62C83EA42941}.Release|Any CPU.ActiveCfg = Release|Any CPU
		{8D4564B7-3C62-4309-99AE-62C83EA42941}.Release|Any CPU.Build.0 = Release|Any CPU
		{31889559-700F-46C8-BC8E-59AE62F4610C}.Debug|Any CPU.ActiveCfg = Debug|Any CPU
		{31889559-700F-46C8-BC8E-59AE62F4610C}.Debug|Any CPU.Build.0 = Debug|Any CPU
		{31889559-700F-46C8-BC8E-59AE62F4610C}.Release|Any CPU.ActiveCfg = Release|Any CPU
		{31889559-700F-46C8-BC8E-59AE62F4610C}.Release|Any CPU.Build.0 = Release|Any CPU
		{EDF883DD-B458-4144-89F7-55A081FED504}.Debug|Any CPU.ActiveCfg = Debug|Any CPU
		{EDF883DD-B458-4144-89F7-55A081FED504}.Debug|Any CPU.Build.0 = Debug|Any CPU
		{EDF883DD-B458-4144-89F7-55A081FED504}.Release|Any CPU.ActiveCfg = Release|Any CPU
		{EDF883DD-B458-4144-89F7-55A081FED504}.Release|Any CPU.Build.0 = Release|Any CPU
		{7F8787B1-9254-4358-A1E0-2BE910EC8059}.Debug|Any CPU.ActiveCfg = Debug|Any CPU
		{7F8787B1-9254-4358-A1E0-2BE910EC8059}.Debug|Any CPU.Build.0 = Debug|Any CPU
		{7F8787B1-9254-4358-A1E0-2BE910EC8059}.Release|Any CPU.ActiveCfg = Release|Any CPU
		{7F8787B1-9254-4358-A1E0-2BE910EC8059}.Release|Any CPU.Build.0 = Release|Any CPU
		{4765EB2B-4011-4A3E-81F6-216A418397A1}.Debug|Any CPU.ActiveCfg = Debug|Any CPU
		{4765EB2B-4011-4A3E-81F6-216A418397A1}.Debug|Any CPU.Build.0 = Debug|Any CPU
		{4765EB2B-4011-4A3E-81F6-216A418397A1}.Release|Any CPU.ActiveCfg = Release|Any CPU
		{4765EB2B-4011-4A3E-81F6-216A418397A1}.Release|Any CPU.Build.0 = Release|Any CPU
		{801343BC-BBB1-479E-807C-BB0A07B12FDE}.Debug|Any CPU.ActiveCfg = Debug|Any CPU
		{801343BC-BBB1-479E-807C-BB0A07B12FDE}.Debug|Any CPU.Build.0 = Debug|Any CPU
		{801343BC-BBB1-479E-807C-BB0A07B12FDE}.Release|Any CPU.ActiveCfg = Release|Any CPU
		{801343BC-BBB1-479E-807C-BB0A07B12FDE}.Release|Any CPU.Build.0 = Release|Any CPU
		{CB15136C-B0C3-4436-90C8-C383C2381D45}.Debug|Any CPU.ActiveCfg = Debug|Any CPU
		{CB15136C-B0C3-4436-90C8-C383C2381D45}.Debug|Any CPU.Build.0 = Debug|Any CPU
		{CB15136C-B0C3-4436-90C8-C383C2381D45}.Release|Any CPU.ActiveCfg = Release|Any CPU
		{CB15136C-B0C3-4436-90C8-C383C2381D45}.Release|Any CPU.Build.0 = Release|Any CPU
	EndGlobalSection
	GlobalSection(SolutionProperties) = preSolution
		HideSolutionNode = FALSE
	EndGlobalSection
	GlobalSection(NestedProjects) = preSolution
		{5229D889-99F3-40AB-BE12-01B981A25253} = {B9E3405E-CEAB-459E-8CC4-E194C376A56E}
		{369FFEC8-1F16-4CBE-9BCC-043D410D76C9} = {B9E3405E-CEAB-459E-8CC4-E194C376A56E}
		{902DE623-AF01-439E-9A6C-87A09EE8F7F8} = {B9E3405E-CEAB-459E-8CC4-E194C376A56E}
		{71A5FF19-AE65-4A65-B7C8-84F6B1CA3DF2} = {B9E3405E-CEAB-459E-8CC4-E194C376A56E}
		{526F30D7-97A6-4B9E-97FA-D48B895D9053} = {B9E3405E-CEAB-459E-8CC4-E194C376A56E}
		{849A5AF8-2650-438A-A7A7-3420AB1D2FA9} = {FCFB0D10-E853-49AE-B145-50CF684F2483}
		{89784067-1C7C-44C3-BE12-4825853A5838} = {FCFB0D10-E853-49AE-B145-50CF684F2483}
		{A43D5171-F256-4235-9A38-EF83D36D928A} = {FCFB0D10-E853-49AE-B145-50CF684F2483}
		{71984917-398F-4489-B217-A2D2066F8C29} = {FCFB0D10-E853-49AE-B145-50CF684F2483}
		{2B46C8CA-4956-4B54-8D08-4B55AF91F6FC} = {FCFB0D10-E853-49AE-B145-50CF684F2483}
		{D7884135-8F4A-4A80-B6FE-3898ADFFBBAF} = {F6F9BB24-77CF-4209-913F-D426D02CFC01}
		{FC89F883-E06E-4B85-886D-EDBA35AA648D} = {F6F9BB24-77CF-4209-913F-D426D02CFC01}
		{8D4564B7-3C62-4309-99AE-62C83EA42941} = {F6F9BB24-77CF-4209-913F-D426D02CFC01}
		{31889559-700F-46C8-BC8E-59AE62F4610C} = {F6F9BB24-77CF-4209-913F-D426D02CFC01}
		{EDF883DD-B458-4144-89F7-55A081FED504} = {3CFEDEA1-2310-40A7-9BD2-72B79F073A50}
		{7F8787B1-9254-4358-A1E0-2BE910EC8059} = {3CFEDEA1-2310-40A7-9BD2-72B79F073A50}
		{4765EB2B-4011-4A3E-81F6-216A418397A1} = {3CFEDEA1-2310-40A7-9BD2-72B79F073A50}
		{801343BC-BBB1-479E-807C-BB0A07B12FDE} = {3CFEDEA1-2310-40A7-9BD2-72B79F073A50}
		{CB15136C-B0C3-4436-90C8-C383C2381D45} = {F6486A97-6C4D-4D76-950F-CCBF2B767031}
	EndGlobalSection
	GlobalSection(ExtensibilityGlobals) = postSolution
		SolutionGuid = {A5FC7399-60B5-4392-BB82-8CDCEAB0F0B0}
	EndGlobalSection
EndGlobal
